{
  "name": "RestaurantReviewsSTG2",
  "version": "0.9.0",
  "lockfileVersion": 1,
  "requires": true,
  "dependencies": {
    "idb": {
      "version": "2.1.2",
      "resolved": "https://registry.npmjs.org/idb/-/idb-2.1.2.tgz",
      "integrity": "sha512-E7BE7jihN9IoEoKa7+d0EDsFhgUaEswKBCwlqXHvtDmL4ftPfPbtx/WLik9wWxqAJSCCNGyI5b+8x9QsaK5caw=="
    },
    "webp-hero": {
      "version": "0.0.0-dev.11",
      "resolved": "https://registry.npmjs.org/webp-hero/-/webp-hero-0.0.0-dev.11.tgz",
      "integrity": "sha512-GhaGLT+FSmUpEO4+r8XX85RX4PyrTeZFwphmWxaYPFvL/h0+uOgdQjyUX7YFtYIYPxQOA61y42PXvhkdMe5P/A=="
    }
  }
}
